
Microsoft Visual Studio Solution File, Format Version 12.00
# Visual Studio Version 17
VisualStudioVersion = 17.13.35818.85 d17.13
MinimumVisualStudioVersion = 10.0.40219.1
Project("{FAE04EC0-301F-11D3-BF4B-00C04F79EFBC}") = "tpmodul7_kelompok_4", "tpmodul7_kelompok_4\tpmodul7_kelompok_4.csproj", "{3410B003-EC06-44A2-BE8C-86D2915E7143}"
EndProject
Global
	GlobalSection(SolutionConfigurationPlatforms) = preSolution
		Debug|Any CPU = Debug|Any CPU
		Release|Any CPU = Release|Any CPU
	EndGlobalSection
	GlobalSection(ProjectConfigurationPlatforms) = postSolution
		{3410B003-EC06-44A2-BE8C-86D2915E7143}.Debug|Any CPU.ActiveCfg = Debug|Any CPU
		{3410B003-EC06-44A2-BE8C-86D2915E7143}.Debug|Any CPU.Build.0 = Debug|Any CPU
		{3410B003-EC06-44A2-BE8C-86D2915E7143}.Release|Any CPU.ActiveCfg = Release|Any CPU
		{3410B003-EC06-44A2-BE8C-86D2915E7143}.Release|Any CPU.Build.0 = Release|Any CPU
	EndGlobalSection
	GlobalSection(SolutionProperties) = preSolution
		HideSolutionNode = FALSE
	EndGlobalSection
	GlobalSection(ExtensibilityGlobals) = postSolution
		SolutionGuid = {73E0507A-8D1F-4D65-BD83-BFD155385C07}
	EndGlobalSection
EndGlobal
