
Microsoft Visual Studio Solution File, Format Version 12.00
# Visual Studio Version 17
VisualStudioVersion = 17.13.35825.156 d17.13
MinimumVisualStudioVersion = 10.0.40219.1
Project("{FAE04EC0-301F-11D3-BF4B-00C04F79EFBC}") = "tpmod7_kelompok_4", "tpmod7_kelompok_4\tpmod7_kelompok_4.csproj", "{EC57C62F-7159-47A3-9940-25DB534ED4C0}"
EndProject
Global
	GlobalSection(SolutionConfigurationPlatforms) = preSolution
		Debug|Any CPU = Debug|Any CPU
		Release|Any CPU = Release|Any CPU
	EndGlobalSection
	GlobalSection(ProjectConfigurationPlatforms) = postSolution
		{EC57C62F-7159-47A3-9940-25DB534ED4C0}.Debug|Any CPU.ActiveCfg = Debug|Any CPU
		{EC57C62F-7159-47A3-9940-25DB534ED4C0}.Debug|Any CPU.Build.0 = Debug|Any CPU
		{EC57C62F-7159-47A3-9940-25DB534ED4C0}.Release|Any CPU.ActiveCfg = Release|Any CPU
		{EC57C62F-7159-47A3-9940-25DB534ED4C0}.Release|Any CPU.Build.0 = Release|Any CPU
	EndGlobalSection
	GlobalSection(SolutionProperties) = preSolution
		HideSolutionNode = FALSE
	EndGlobalSection
	GlobalSection(ExtensibilityGlobals) = postSolution
		SolutionGuid = {C322694C-5FE4-423F-AEE4-A5573DF9CCA5}
	EndGlobalSection
EndGlobal
